
Microsoft Visual Studio Solution File, Format Version 12.00
# Visual Studio 2012
Project("{FAE04EC0-301F-11D3-BF4B-00C04F79EFBC}") = "MVC-AngularJS-BootStrap", "MVC-AngularJS-BootStrap\MVC-AngularJS-BootStrap.csproj", "{0BA3508A-A1F1-44AF-B94E-9837A7A31265}"
EndProject
Global
	GlobalSection(SolutionConfigurationPlatforms) = preSolution
		Debug|Any CPU = Debug|Any CPU
		Release|Any CPU = Release|Any CPU
	EndGlobalSection
	GlobalSection(ProjectConfigurationPlatforms) = postSolution
		{0BA3508A-A1F1-44AF-B94E-9837A7A31265}.Debug|Any CPU.ActiveCfg = Debug|Any CPU
		{0BA3508A-A1F1-44AF-B94E-9837A7A31265}.Debug|Any CPU.Build.0 = Debug|Any CPU
		{0BA3508A-A1F1-44AF-B94E-9837A7A31265}.Release|Any CPU.ActiveCfg = Release|Any CPU
		{0BA3508A-A1F1-44AF-B94E-9837A7A31265}.Release|Any CPU.Build.0 = Release|Any CPU
	EndGlobalSection
	GlobalSection(SolutionProperties) = preSolution
		HideSolutionNode = FALSE
	EndGlobalSection
EndGlobal
